
Microsoft Visual Studio Solution File, Format Version 12.00
# Visual Studio Version 17
VisualStudioVersion = 17.2.32526.322
MinimumVisualStudioVersion = 10.0.40219.1
Project("{8BC9CEB8-8B4A-11D0-8D11-00A0C91BC942}") = "Dx12_2022_ex02", "Dx12_2022_ex02.vcxproj", "{71759471-0FE3-4D88-9389-75F23E060D21}"
EndProject
Global
	GlobalSection(SolutionConfigurationPlatforms) = preSolution
		Debug|x64 = Debug|x64
		Debug|x86 = Debug|x86
		Release|x64 = Release|x64
		Release|x86 = Release|x86
	EndGlobalSection
	GlobalSection(ProjectConfigurationPlatforms) = postSolution
		{71759471-0FE3-4D88-9389-75F23E060D21}.Debug|x64.ActiveCfg = Debug|x64
		{71759471-0FE3-4D88-9389-75F23E060D21}.Debug|x64.Build.0 = Debug|x64
		{71759471-0FE3-4D88-9389-75F23E060D21}.Debug|x86.ActiveCfg = Debug|Win32
		{71759471-0FE3-4D88-9389-75F23E060D21}.Debug|x86.Build.0 = Debug|Win32
		{71759471-0FE3-4D88-9389-75F23E060D21}.Release|x64.ActiveCfg = Release|x64
		{71759471-0FE3-4D88-9389-75F23E060D21}.Release|x64.Build.0 = Release|x64
		{71759471-0FE3-4D88-9389-75F23E060D21}.Release|x86.ActiveCfg = Release|Win32
		{71759471-0FE3-4D88-9389-75F23E060D21}.Release|x86.Build.0 = Release|Win32
	EndGlobalSection
	GlobalSection(SolutionProperties) = preSolution
		HideSolutionNode = FALSE
	EndGlobalSection
	GlobalSection(ExtensibilityGlobals) = postSolution
		SolutionGuid = {E5396DF4-DD63-4010-ACEA-EBD39DE4AB51}
	EndGlobalSection
EndGlobal
